
Microsoft Visual Studio Solution File, Format Version 12.00
# Visual Studio Version 16
VisualStudioVersion = 16.0.30517.126
MinimumVisualStudioVersion = 10.0.40219.1
Project("{FAE04EC0-301F-11D3-BF4B-00C04F79EFBC}") = "CursoWindowsForms", "CursoWindowsForms\CursoWindowsForms.csproj", "{DDA54364-BB61-48E9-B67F-70CC7BE3C34E}"
EndProject
Project("{FAE04EC0-301F-11D3-BF4B-00C04F79EFBC}") = "FormsBiblioteca", "FormsBiblioteca\FormsBiblioteca.csproj", "{D7DC17F1-5CF0-4449-9745-EE4988957212}"
EndProject
Global
	GlobalSection(SolutionConfigurationPlatforms) = preSolution
		Debug|Any CPU = Debug|Any CPU
		Release|Any CPU = Release|Any CPU
	EndGlobalSection
	GlobalSection(ProjectConfigurationPlatforms) = postSolution
		{DDA54364-BB61-48E9-B67F-70CC7BE3C34E}.Debug|Any CPU.ActiveCfg = Debug|Any CPU
		{DDA54364-BB61-48E9-B67F-70CC7BE3C34E}.Debug|Any CPU.Build.0 = Debug|Any CPU
		{DDA54364-BB61-48E9-B67F-70CC7BE3C34E}.Release|Any CPU.ActiveCfg = Release|Any CPU
		{DDA54364-BB61-48E9-B67F-70CC7BE3C34E}.Release|Any CPU.Build.0 = Release|Any CPU
		{D7DC17F1-5CF0-4449-9745-EE4988957212}.Debug|Any CPU.ActiveCfg = Debug|Any CPU
		{D7DC17F1-5CF0-4449-9745-EE4988957212}.Debug|Any CPU.Build.0 = Debug|Any CPU
		{D7DC17F1-5CF0-4449-9745-EE4988957212}.Release|Any CPU.ActiveCfg = Release|Any CPU
		{D7DC17F1-5CF0-4449-9745-EE4988957212}.Release|Any CPU.Build.0 = Release|Any CPU
	EndGlobalSection
	GlobalSection(SolutionProperties) = preSolution
		HideSolutionNode = FALSE
	EndGlobalSection
	GlobalSection(ExtensibilityGlobals) = postSolution
		SolutionGuid = {C5247001-FB46-4EAF-8472-9CE6D5241BB0}
	EndGlobalSection
EndGlobal
